
Microsoft Visual Studio Solution File, Format Version 12.00
Project("{2150E333-8FDC-42A3-9474-1A3956D46DE8}") = "src", "src", "{544DA1C9-E2EA-4274-94D2-1C4D540ADE80}"
EndProject
Project("{2150E333-8FDC-42A3-9474-1A3956D46DE8}") = "Test", "Test", "{4BE61E79-A49C-4211-AA4D-026142DFD04F}"
EndProject
Project("{FAE04EC0-301F-11D3-BF4B-00C04F79EFBC}") = "RHS.API", "src\RHS.API\RHS.API.csproj", "{708D3154-F28C-4630-A13C-F312FAE62688}"
EndProject
Project("{FAE04EC0-301F-11D3-BF4B-00C04F79EFBC}") = "RHS.Application", "src\RHS.Application\RHS.Application.csproj", "{331E4AAB-FF6F-4C75-9471-843AA55A0447}"
EndProject
Project("{FAE04EC0-301F-11D3-BF4B-00C04F79EFBC}") = "RHS.Domain", "src\RHS.Domain\RHS.Domain.csproj", "{99A61FE5-12B8-4EB0-961E-1B612C27B0D2}"
EndProject
Project("{FAE04EC0-301F-11D3-BF4B-00C04F79EFBC}") = "RHS.Infrastructure", "src\RHS.Infrastructure\RHS.Infrastructure.csproj", "{8BD2D00B-33E6-404B-B4CC-FEED5EEFDDC2}"
EndProject
Project("{FAE04EC0-301F-11D3-BF4B-00C04F79EFBC}") = "RHS.Persistence", "src\RHS.Persistence\RHS.Persistence.csproj", "{F1A46A82-2151-4EEE-93C7-C2C09846D414}"
EndProject
Project("{FAE04EC0-301F-11D3-BF4B-00C04F79EFBC}") = "RHS.Application.Test", "src\Test\RHS.Application.Test\RHS.Application.Test.csproj", "{C63C166E-FE43-4C9C-8A1C-FC9976DC6C33}"
EndProject
Project("{FAE04EC0-301F-11D3-BF4B-00C04F79EFBC}") = "RHS.Domain.Test", "src\Test\RHS.Domain.Test\RHS.Domain.Test.csproj", "{DF4D0DAB-B353-44E9-922B-78289945B377}"
EndProject
Project("{FAE04EC0-301F-11D3-BF4B-00C04F79EFBC}") = "Helpers", "src\Test\Helpers\Helpers.csproj", "{F2EA4B16-E31F-41A2-9728-234B9E9E4D32}"
EndProject
Project("{2150E333-8FDC-42A3-9474-1A3956D46DE8}") = "Documentation", "Documentation", "{63270561-AABE-4340-96DD-B0B21A16962A}"
	ProjectSection(SolutionItems) = preProject
		ER_Mapping_Diagram_V2.png = ER_Mapping_Diagram_V2.png
		ER_Mapping_Diagram_V1.png = ER_Mapping_Diagram_V1.png
		ERDiagram_V1.png = ERDiagram_V1.png
	EndProjectSection
EndProject
Project("{2150E333-8FDC-42A3-9474-1A3956D46DE8}") = "LocalDevStuff", "LocalDevStuff", "{DC888F96-2442-421C-AA6A-F25D8B6BB0E2}"
	ProjectSection(SolutionItems) = preProject
		DockerCommands.md = DockerCommands.md
	EndProjectSection
EndProject
Global
	GlobalSection(SolutionConfigurationPlatforms) = preSolution
		Debug|Any CPU = Debug|Any CPU
		Release|Any CPU = Release|Any CPU
	EndGlobalSection
	GlobalSection(NestedProjects) = preSolution
		{4BE61E79-A49C-4211-AA4D-026142DFD04F} = {544DA1C9-E2EA-4274-94D2-1C4D540ADE80}
		{708D3154-F28C-4630-A13C-F312FAE62688} = {544DA1C9-E2EA-4274-94D2-1C4D540ADE80}
		{331E4AAB-FF6F-4C75-9471-843AA55A0447} = {544DA1C9-E2EA-4274-94D2-1C4D540ADE80}
		{99A61FE5-12B8-4EB0-961E-1B612C27B0D2} = {544DA1C9-E2EA-4274-94D2-1C4D540ADE80}
		{8BD2D00B-33E6-404B-B4CC-FEED5EEFDDC2} = {544DA1C9-E2EA-4274-94D2-1C4D540ADE80}
		{F1A46A82-2151-4EEE-93C7-C2C09846D414} = {544DA1C9-E2EA-4274-94D2-1C4D540ADE80}
		{C63C166E-FE43-4C9C-8A1C-FC9976DC6C33} = {4BE61E79-A49C-4211-AA4D-026142DFD04F}
		{DF4D0DAB-B353-44E9-922B-78289945B377} = {4BE61E79-A49C-4211-AA4D-026142DFD04F}
		{F2EA4B16-E31F-41A2-9728-234B9E9E4D32} = {4BE61E79-A49C-4211-AA4D-026142DFD04F}
		{DC888F96-2442-421C-AA6A-F25D8B6BB0E2} = {63270561-AABE-4340-96DD-B0B21A16962A}
	EndGlobalSection
	GlobalSection(ProjectConfigurationPlatforms) = postSolution
		{708D3154-F28C-4630-A13C-F312FAE62688}.Debug|Any CPU.ActiveCfg = Debug|Any CPU
		{708D3154-F28C-4630-A13C-F312FAE62688}.Debug|Any CPU.Build.0 = Debug|Any CPU
		{708D3154-F28C-4630-A13C-F312FAE62688}.Release|Any CPU.ActiveCfg = Release|Any CPU
		{708D3154-F28C-4630-A13C-F312FAE62688}.Release|Any CPU.Build.0 = Release|Any CPU
		{331E4AAB-FF6F-4C75-9471-843AA55A0447}.Debug|Any CPU.ActiveCfg = Debug|Any CPU
		{331E4AAB-FF6F-4C75-9471-843AA55A0447}.Debug|Any CPU.Build.0 = Debug|Any CPU
		{331E4AAB-FF6F-4C75-9471-843AA55A0447}.Release|Any CPU.ActiveCfg = Release|Any CPU
		{331E4AAB-FF6F-4C75-9471-843AA55A0447}.Release|Any CPU.Build.0 = Release|Any CPU
		{99A61FE5-12B8-4EB0-961E-1B612C27B0D2}.Debug|Any CPU.ActiveCfg = Debug|Any CPU
		{99A61FE5-12B8-4EB0-961E-1B612C27B0D2}.Debug|Any CPU.Build.0 = Debug|Any CPU
		{99A61FE5-12B8-4EB0-961E-1B612C27B0D2}.Release|Any CPU.ActiveCfg = Release|Any CPU
		{99A61FE5-12B8-4EB0-961E-1B612C27B0D2}.Release|Any CPU.Build.0 = Release|Any CPU
		{8BD2D00B-33E6-404B-B4CC-FEED5EEFDDC2}.Debug|Any CPU.ActiveCfg = Debug|Any CPU
		{8BD2D00B-33E6-404B-B4CC-FEED5EEFDDC2}.Debug|Any CPU.Build.0 = Debug|Any CPU
		{8BD2D00B-33E6-404B-B4CC-FEED5EEFDDC2}.Release|Any CPU.ActiveCfg = Release|Any CPU
		{8BD2D00B-33E6-404B-B4CC-FEED5EEFDDC2}.Release|Any CPU.Build.0 = Release|Any CPU
		{F1A46A82-2151-4EEE-93C7-C2C09846D414}.Debug|Any CPU.ActiveCfg = Debug|Any CPU
		{F1A46A82-2151-4EEE-93C7-C2C09846D414}.Debug|Any CPU.Build.0 = Debug|Any CPU
		{F1A46A82-2151-4EEE-93C7-C2C09846D414}.Release|Any CPU.ActiveCfg = Release|Any CPU
		{F1A46A82-2151-4EEE-93C7-C2C09846D414}.Release|Any CPU.Build.0 = Release|Any CPU
		{C63C166E-FE43-4C9C-8A1C-FC9976DC6C33}.Debug|Any CPU.ActiveCfg = Debug|Any CPU
		{C63C166E-FE43-4C9C-8A1C-FC9976DC6C33}.Debug|Any CPU.Build.0 = Debug|Any CPU
		{C63C166E-FE43-4C9C-8A1C-FC9976DC6C33}.Release|Any CPU.ActiveCfg = Release|Any CPU
		{C63C166E-FE43-4C9C-8A1C-FC9976DC6C33}.Release|Any CPU.Build.0 = Release|Any CPU
		{DF4D0DAB-B353-44E9-922B-78289945B377}.Debug|Any CPU.ActiveCfg = Debug|Any CPU
		{DF4D0DAB-B353-44E9-922B-78289945B377}.Debug|Any CPU.Build.0 = Debug|Any CPU
		{DF4D0DAB-B353-44E9-922B-78289945B377}.Release|Any CPU.ActiveCfg = Release|Any CPU
		{DF4D0DAB-B353-44E9-922B-78289945B377}.Release|Any CPU.Build.0 = Release|Any CPU
		{F2EA4B16-E31F-41A2-9728-234B9E9E4D32}.Debug|Any CPU.ActiveCfg = Debug|Any CPU
		{F2EA4B16-E31F-41A2-9728-234B9E9E4D32}.Debug|Any CPU.Build.0 = Debug|Any CPU
		{F2EA4B16-E31F-41A2-9728-234B9E9E4D32}.Release|Any CPU.ActiveCfg = Release|Any CPU
		{F2EA4B16-E31F-41A2-9728-234B9E9E4D32}.Release|Any CPU.Build.0 = Release|Any CPU
	EndGlobalSection
EndGlobal
